// !$*UTF8*$!
{
	archiveVersion = 1;
	classes = {
	};
	objectVersion = 50;
	objects = {

/* Begin PBXBuildFile section */
		DA82052B26BA1EDB00EA74FD /* AppDelegate.swift in Sources */ = {isa = PBXBuildFile; fileRef = DA82052A26BA1EDB00EA74FD /* AppDelegate.swift */; };
		DA82052D26BA1EDB00EA74FD /* SceneDelegate.swift in Sources */ = {isa = PBXBuildFile; fileRef = DA82052C26BA1EDB00EA74FD /* SceneDelegate.swift */; };
		DA82052F26BA1EDB00EA74FD /* ViewController.swift in Sources */ = {isa = PBXBuildFile; fileRef = DA82052E26BA1EDB00EA74FD /* ViewController.swift */; };
		DA82053226BA1EDB00EA74FD /* Main.storyboard in Resources */ = {isa = PBXBuildFile; fileRef = DA82053026BA1EDB00EA74FD /* Main.storyboard */; };
		DA82053426BA1EDD00EA74FD /* Assets.xcassets in Resources */ = {isa = PBXBuildFile; fileRef = DA82053326BA1EDD00EA74FD /* Assets.xcassets */; };
		DA82053726BA1EDD00EA74FD /* LaunchScreen.storyboard in Resources */ = {isa = PBXBuildFile; fileRef = DA82053526BA1EDD00EA74FD /* LaunchScreen.storyboard */; };
		DA82054226BA1EDD00EA74FD /* parsestagramTests.swift in Sources */ = {isa = PBXBuildFile; fileRef = DA82054126BA1EDD00EA74FD /* parsestagramTests.swift */; };
		DA82054D26BA1EDD00EA74FD /* parsestagramUITests.swift in Sources */ = {isa = PBXBuildFile; fileRef = DA82054C26BA1EDD00EA74FD /* parsestagramUITests.swift */; };
/* End PBXBuildFile section */

/* Begin PBXContainerItemProxy section */
		DA82053E26BA1EDD00EA74FD /* PBXContainerItemProxy */ = {
			isa = PBXContainerItemProxy;
			containerPortal = DA82051F26BA1EDB00EA74FD /* Project object */;
			proxyType = 1;
			remoteGlobalIDString = DA82052626BA1EDB00EA74FD;
			remoteInfo = parsestagram;
		};
		DA82054926BA1EDD00EA74FD /* PBXContainerItemProxy */ = {
			isa = PBXContainerItemProxy;
			containerPortal = DA82051F26BA1EDB00EA74FD /* Project object */;
			proxyType = 1;
			remoteGlobalIDString = DA82052626BA1EDB00EA74FD;
			remoteInfo = parsestagram;
		};
/* End PBXContainerItemProxy section */

/* Begin PBXFileReference section */
		DA82052726BA1EDB00EA74FD /* parsestagram.app */ = {isa = PBXFileReference; explicitFileType = wrapper.application; includeInIndex = 0; path = parsestagram.app; sourceTree = BUILT_PRODUCTS_DIR; };
		DA82052A26BA1EDB00EA74FD /* AppDelegate.swift */ = {isa = PBXFileReference; lastKnownFileType = sourcecode.swift; path = AppDelegate.swift; sourceTree = "<group>"; };
		DA82052C26BA1EDB00EA74FD /* SceneDelegate.swift */ = {isa = PBXFileReference; lastKnownFileType = sourcecode.swift; path = SceneDelegate.swift; sourceTree = "<group>"; };
		DA82052E26BA1EDB00EA74FD /* ViewController.swift */ = {isa = PBXFileReference; lastKnownFileType = sourcecode.swift; path = ViewController.swift; sourceTree = "<group>"; };
		DA82053126BA1EDB00EA74FD /* Base */ = {isa = PBXFileReference; lastKnownFileType = file.storyboard; name = Base; path = Base.lproj/Main.storyboard; sourceTree = "<group>"; };
		DA82053326BA1EDD00EA74FD /* Assets.xcassets */ = {isa = PBXFileReference; lastKnownFileType = folder.assetcatalog; path = Assets.xcassets; sourceTree = "<group>"; };
		DA82053626BA1EDD00EA74FD /* Base */ = {isa = PBXFileReference; lastKnownFileType = file.storyboard; name = Base; path = Base.lproj/LaunchScreen.storyboard; sourceTree = "<group>"; };
		DA82053826BA1EDD00EA74FD /* Info.plist */ = {isa = PBXFileReference; lastKnownFileType = text.plist.xml; path = Info.plist; sourceTree = "<group>"; };
		DA82053D26BA1EDD00EA74FD /* parsestagramTests.xctest */ = {isa = PBXFileReference; explicitFileType = wrapper.cfbundle; includeInIndex = 0; path = parsestagramTests.xctest; sourceTree = BUILT_PRODUCTS_DIR; };
		DA82054126BA1EDD00EA74FD /* parsestagramTests.swift */ = {isa = PBXFileReference; lastKnownFileType = sourcecode.swift; path = parsestagramTests.swift; sourceTree = "<group>"; };
		DA82054326BA1EDD00EA74FD /* Info.plist */ = {isa = PBXFileReference; lastKnownFileType = text.plist.xml; path = Info.plist; sourceTree = "<group>"; };
		DA82054826BA1EDD00EA74FD /* parsestagramUITests.xctest */ = {isa = PBXFileReference; explicitFileType = wrapper.cfbundle; includeInIndex = 0; path = parsestagramUITests.xctest; sourceTree = BUILT_PRODUCTS_DIR; };
		DA82054C26BA1EDD00EA74FD /* parsestagramUITests.swift */ = {isa = PBXFileReference; lastKnownFileType = sourcecode.swift; path = parsestagramUITests.swift; sourceTree = "<group>"; };
		DA82054E26BA1EDD00EA74FD /* Info.plist */ = {isa = PBXFileReference; lastKnownFileType = text.plist.xml; path = Info.plist; sourceTree = "<group>"; };
/* End PBXFileReference section */

/* Begin PBXFrameworksBuildPhase section */
		DA82052426BA1EDB00EA74FD /* Frameworks */ = {
			isa = PBXFrameworksBuildPhase;
			buildActionMask = 2147483647;
			files = (
			);
			runOnlyForDeploymentPostprocessing = 0;
		};
		DA82053A26BA1EDD00EA74FD /* Frameworks */ = {
			isa = PBXFrameworksBuildPhase;
			buildActionMask = 2147483647;
			files = (
			);
			runOnlyForDeploymentPostprocessing = 0;
		};
		DA82054526BA1EDD00EA74FD /* Frameworks */ = {
			isa = PBXFrameworksBuildPhase;
			buildActionMask = 2147483647;
			files = (
			);
			runOnlyForDeploymentPostprocessing = 0;
		};
/* End PBXFrameworksBuildPhase section */

/* Begin PBXGroup section */
		DA82051E26BA1EDB00EA74FD = {
			isa = PBXGroup;
			children = (
				DA82052926BA1EDB00EA74FD /* parsestagram */,
				DA82054026BA1EDD00EA74FD /* parsestagramTests */,
				DA82054B26BA1EDD00EA74FD /* parsestagramUITests */,
				DA82052826BA1EDB00EA74FD /* Products */,
			);
			sourceTree = "<group>";
		};
		DA82052826BA1EDB00EA74FD /* Products */ = {
			isa = PBXGroup;
			children = (
				DA82052726BA1EDB00EA74FD /* parsestagram.app */,
				DA82053D26BA1EDD00EA74FD /* parsestagramTests.xctest */,
				DA82054826BA1EDD00EA74FD /* parsestagramUITests.xctest */,
			);
			name = Products;
			sourceTree = "<group>";
		};
		DA82052926BA1EDB00EA74FD /* parsestagram */ = {
			isa = PBXGroup;
			children = (
				DA82052A26BA1EDB00EA74FD /* AppDelegate.swift */,
				DA82052C26BA1EDB00EA74FD /* SceneDelegate.swift */,
				DA82052E26BA1EDB00EA74FD /* ViewController.swift */,
				DA82053026BA1EDB00EA74FD /* Main.storyboard */,
				DA82053326BA1EDD00EA74FD /* Assets.xcassets */,
				DA82053526BA1EDD00EA74FD /* LaunchScreen.storyboard */,
				DA82053826BA1EDD00EA74FD /* Info.plist */,
			);
			path = parsestagram;
			sourceTree = "<group>";
		};
		DA82054026BA1EDD00EA74FD /* parsestagramTests */ = {
			isa = PBXGroup;
			children = (
				DA82054126BA1EDD00EA74FD /* parsestagramTests.swift */,
				DA82054326BA1EDD00EA74FD /* Info.plist */,
			);
			path = parsestagramTests;
			sourceTree = "<group>";
		};
		DA82054B26BA1EDD00EA74FD /* parsestagramUITests */ = {
			isa = PBXGroup;
			children = (
				DA82054C26BA1EDD00EA74FD /* parsestagramUITests.swift */,
				DA82054E26BA1EDD00EA74FD /* Info.plist */,
			);
			path = parsestagramUITests;
			sourceTree = "<group>";
		};
/* End PBXGroup section */

/* Begin PBXNativeTarget section */
		DA82052626BA1EDB00EA74FD /* parsestagram */ = {
			isa = PBXNativeTarget;
			buildConfigurationList = DA82055126BA1EDD00EA74FD /* Build configuration list for PBXNativeTarget "parsestagram" */;
			buildPhases = (
				DA82052326BA1EDB00EA74FD /* Sources */,
				DA82052426BA1EDB00EA74FD /* Frameworks */,
				DA82052526BA1EDB00EA74FD /* Resources */,
			);
			buildRules = (
			);
			dependencies = (
			);
			name = parsestagram;
			productName = parsestagram;
			productReference = DA82052726BA1EDB00EA74FD /* parsestagram.app */;
			productType = "com.apple.product-type.application";
		};
		DA82053C26BA1EDD00EA74FD /* parsestagramTests */ = {
			isa = PBXNativeTarget;
			buildConfigurationList = DA82055426BA1EDD00EA74FD /* Build configuration list for PBXNativeTarget "parsestagramTests" */;
			buildPhases = (
				DA82053926BA1EDD00EA74FD /* Sources */,
				DA82053A26BA1EDD00EA74FD /* Frameworks */,
				DA82053B26BA1EDD00EA74FD /* Resources */,
			);
			buildRules = (
			);
			dependencies = (
				DA82053F26BA1EDD00EA74FD /* PBXTargetDependency */,
			);
			name = parsestagramTests;
			productName = parsestagramTests;
			productReference = DA82053D26BA1EDD00EA74FD /* parsestagramTests.xctest */;
			productType = "com.apple.product-type.bundle.unit-test";
		};
		DA82054726BA1EDD00EA74FD /* parsestagramUITests */ = {
			isa = PBXNativeTarget;
			buildConfigurationList = DA82055726BA1EDD00EA74FD /* Build configuration list for PBXNativeTarget "parsestagramUITests" */;
			buildPhases = (
				DA82054426BA1EDD00EA74FD /* Sources */,
				DA82054526BA1EDD00EA74FD /* Frameworks */,
				DA82054626BA1EDD00EA74FD /* Resources */,
			);
			buildRules = (
			);
			dependencies = (
				DA82054A26BA1EDD00EA74FD /* PBXTargetDependency */,
			);
			name = parsestagramUITests;
			productName = parsestagramUITests;
			productReference = DA82054826BA1EDD00EA74FD /* parsestagramUITests.xctest */;
			productType = "com.apple.product-type.bundle.ui-testing";
		};
/* End PBXNativeTarget section */

/* Begin PBXProject section */
		DA82051F26BA1EDB00EA74FD /* Project object */ = {
			isa = PBXProject;
			attributes = {
				LastSwiftUpdateCheck = 1250;
				LastUpgradeCheck = 1250;
				TargetAttributes = {
					DA82052626BA1EDB00EA74FD = {
						CreatedOnToolsVersion = 12.5.1;
					};
					DA82053C26BA1EDD00EA74FD = {
						CreatedOnToolsVersion = 12.5.1;
						TestTargetID = DA82052626BA1EDB00EA74FD;
					};
					DA82054726BA1EDD00EA74FD = {
						CreatedOnToolsVersion = 12.5.1;
						TestTargetID = DA82052626BA1EDB00EA74FD;
					};
				};
			};
			buildConfigurationList = DA82052226BA1EDB00EA74FD /* Build configuration list for PBXProject "parsestagram" */;
			compatibilityVersion = "Xcode 9.3";
			developmentRegion = en;
			hasScannedForEncodings = 0;
			knownRegions = (
				en,
				Base,
			);
			mainGroup = DA82051E26BA1EDB00EA74FD;
			productRefGroup = DA82052826BA1EDB00EA74FD /* Products */;
			projectDirPath = "";
			projectRoot = "";
			targets = (
				DA82052626BA1EDB00EA74FD /* parsestagram */,
				DA82053C26BA1EDD00EA74FD /* parsestagramTests */,
				DA82054726BA1EDD00EA74FD /* parsestagramUITests */,
			);
		};
/* End PBXProject section */

/* Begin PBXResourcesBuildPhase section */
		DA82052526BA1EDB00EA74FD /* Resources */ = {
			isa = PBXResourcesBuildPhase;
			buildActionMask = 2147483647;
			files = (
				DA82053726BA1EDD00EA74FD /* LaunchScreen.storyboard in Resources */,
				DA82053426BA1EDD00EA74FD /* Assets.xcassets in Resources */,
				DA82053226BA1EDB00EA74FD /* Main.storyboard in Resources */,
			);
			runOnlyForDeploymentPostprocessing = 0;
		};
		DA82053B26BA1EDD00EA74FD /* Resources */ = {
			isa = PBXResourcesBuildPhase;
			buildActionMask = 2147483647;
			files = (
			);
			runOnlyForDeploymentPostprocessing = 0;
		};
		DA82054626BA1EDD00EA74FD /* Resources */ = {
			isa = PBXResourcesBuildPhase;
			buildActionMask = 2147483647;
			files = (
			);
			runOnlyForDeploymentPostprocessing = 0;
		};
/* End PBXResourcesBuildPhase section */

/* Begin PBXSourcesBuildPhase section */
		DA82052326BA1EDB00EA74FD /* Sources */ = {
			isa = PBXSourcesBuildPhase;
			buildActionMask = 2147483647;
			files = (
				DA82052F26BA1EDB00EA74FD /* ViewController.swift in Sources */,
				DA82052B26BA1EDB00EA74FD /* AppDelegate.swift in Sources */,
				DA82052D26BA1EDB00EA74FD /* SceneDelegate.swift in Sources */,
			);
			runOnlyForDeploymentPostprocessing = 0;
		};
		DA82053926BA1EDD00EA74FD /* Sources */ = {
			isa = PBXSourcesBuildPhase;
			buildActionMask = 2147483647;
			files = (
				DA82054226BA1EDD00EA74FD /* parsestagramTests.swift in Sources */,
			);
			runOnlyForDeploymentPostprocessing = 0;
		};
		DA82054426BA1EDD00EA74FD /* Sources */ = {
			isa = PBXSourcesBuildPhase;
			buildActionMask = 2147483647;
			files = (
				DA82054D26BA1EDD00EA74FD /* parsestagramUITests.swift in Sources */,
			);
			runOnlyForDeploymentPostprocessing = 0;
		};
/* End PBXSourcesBuildPhase section */

/* Begin PBXTargetDependency section */
		DA82053F26BA1EDD00EA74FD /* PBXTargetDependency */ = {
			isa = PBXTargetDependency;
			target = DA82052626BA1EDB00EA74FD /* parsestagram */;
			targetProxy = DA82053E26BA1EDD00EA74FD /* PBXContainerItemProxy */;
		};
		DA82054A26BA1EDD00EA74FD /* PBXTargetDependency */ = {
			isa = PBXTargetDependency;
			target = DA82052626BA1EDB00EA74FD /* parsestagram */;
			targetProxy = DA82054926BA1EDD00EA74FD /* PBXContainerItemProxy */;
		};
/* End PBXTargetDependency section */

/* Begin PBXVariantGroup section */
		DA82053026BA1EDB00EA74FD /* Main.storyboard */ = {
			isa = PBXVariantGroup;
			children = (
				DA82053126BA1EDB00EA74FD /* Base */,
			);
			name = Main.storyboard;
			sourceTree = "<group>";
		};
		DA82053526BA1EDD00EA74FD /* LaunchScreen.storyboard */ = {
			isa = PBXVariantGroup;
			children = (
				DA82053626BA1EDD00EA74FD /* Base */,
			);
			name = LaunchScreen.storyboard;
			sourceTree = "<group>";
		};
/* End PBXVariantGroup section */

/* Begin XCBuildConfiguration section */
		DA82054F26BA1EDD00EA74FD /* Debug */ = {
			isa = XCBuildConfiguration;
			buildSettings = {
				ALWAYS_SEARCH_USER_PATHS = NO;
				CLANG_ANALYZER_NONNULL = YES;
				CLANG_ANALYZER_NUMBER_OBJECT_CONVERSION = YES_AGGRESSIVE;
				CLANG_CXX_LANGUAGE_STANDARD = "gnu++14";
				CLANG_CXX_LIBRARY = "libc++";
				CLANG_ENABLE_MODULES = YES;
				CLANG_ENABLE_OBJC_ARC = YES;
				CLANG_ENABLE_OBJC_WEAK = YES;
				CLANG_WARN_BLOCK_CAPTURE_AUTORELEASING = YES;
				CLANG_WARN_BOOL_CONVERSION = YES;
				CLANG_WARN_COMMA = YES;
				CLANG_WARN_CONSTANT_CONVERSION = YES;
				CLANG_WARN_DEPRECATED_OBJC_IMPLEMENTATIONS = YES;
				CLANG_WARN_DIRECT_OBJC_ISA_USAGE = YES_ERROR;
				CLANG_WARN_DOCUMENTATION_COMMENTS = YES;
				CLANG_WARN_EMPTY_BODY = YES;
				CLANG_WARN_ENUM_CONVERSION = YES;
				CLANG_WARN_INFINITE_RECURSION = YES;
				CLANG_WARN_INT_CONVERSION = YES;
				CLANG_WARN_NON_LITERAL_NULL_CONVERSION = YES;
				CLANG_WARN_OBJC_IMPLICIT_RETAIN_SELF = YES;
				CLANG_WARN_OBJC_LITERAL_CONVERSION = YES;
				CLANG_WARN_OBJC_ROOT_CLASS = YES_ERROR;
				CLANG_WARN_QUOTED_INCLUDE_IN_FRAMEWORK_HEADER = YES;
				CLANG_WARN_RANGE_LOOP_ANALYSIS = YES;
				CLANG_WARN_STRICT_PROTOTYPES = YES;
				CLANG_WARN_SUSPICIOUS_MOVE = YES;
				CLANG_WARN_UNGUARDED_AVAILABILITY = YES_AGGRESSIVE;
				CLANG_WARN_UNREACHABLE_CODE = YES;
				CLANG_WARN__DUPLICATE_METHOD_MATCH = YES;
				COPY_PHASE_STRIP = NO;
				DEBUG_INFORMATION_FORMAT = dwarf;
				ENABLE_STRICT_OBJC_MSGSEND = YES;
				ENABLE_TESTABILITY = YES;
				GCC_C_LANGUAGE_STANDARD = gnu11;
				GCC_DYNAMIC_NO_PIC = NO;
				GCC_NO_COMMON_BLOCKS = YES;
				GCC_OPTIMIZATION_LEVEL = 0;
				GCC_PREPROCESSOR_DEFINITIONS = (
					"DEBUG=1",
					"$(inherited)",
				);
				GCC_WARN_64_TO_32_BIT_CONVERSION = YES;
				GCC_WARN_ABOUT_RETURN_TYPE = YES_ERROR;
				GCC_WARN_UNDECLARED_SELECTOR = YES;
				GCC_WARN_UNINITIALIZED_AUTOS = YES_AGGRESSIVE;
				GCC_WARN_UNUSED_FUNCTION = YES;
				GCC_WARN_UNUSED_VARIABLE = YES;
				IPHONEOS_DEPLOYMENT_TARGET = 14.5;
				MTL_ENABLE_DEBUG_INFO = INCLUDE_SOURCE;
				MTL_FAST_MATH = YES;
				ONLY_ACTIVE_ARCH = YES;
				SDKROOT = iphoneos;
				SWIFT_ACTIVE_COMPILATION_CONDITIONS = DEBUG;
				SWIFT_OPTIMIZATION_LEVEL = "-Onone";
			};
			name = Debug;
		};
		DA82055026BA1EDD00EA74FD /* Release */ = {
			isa = XCBuildConfiguration;
			buildSettings = {
				ALWAYS_SEARCH_USER_PATHS = NO;
				CLANG_ANALYZER_NONNULL = YES;
				CLANG_ANALYZER_NUMBER_OBJECT_CONVERSION = YES_AGGRESSIVE;
				CLANG_CXX_LANGUAGE_STANDARD = "gnu++14";
				CLANG_CXX_LIBRARY = "libc++";
				CLANG_ENABLE_MODULES = YES;
				CLANG_ENABLE_OBJC_ARC = YES;
				CLANG_ENABLE_OBJC_WEAK = YES;
				CLANG_WARN_BLOCK_CAPTURE_AUTORELEASING = YES;
				CLANG_WARN_BOOL_CONVERSION = YES;
				CLANG_WARN_COMMA = YES;
				CLANG_WARN_CONSTANT_CONVERSION = YES;
				CLANG_WARN_DEPRECATED_OBJC_IMPLEMENTATIONS = YES;
				CLANG_WARN_DIRECT_OBJC_ISA_USAGE = YES_ERROR;
				CLANG_WARN_DOCUMENTATION_COMMENTS = YES;
				CLANG_WARN_EMPTY_BODY = YES;
				CLANG_WARN_ENUM_CONVERSION = YES;
				CLANG_WARN_INFINITE_RECURSION = YES;
				CLANG_WARN_INT_CONVERSION = YES;
				CLANG_WARN_NON_LITERAL_NULL_CONVERSION = YES;
				CLANG_WARN_OBJC_IMPLICIT_RETAIN_SELF = YES;
				CLANG_WARN_OBJC_LITERAL_CONVERSION = YES;
				CLANG_WARN_OBJC_ROOT_CLASS = YES_ERROR;
				CLANG_WARN_QUOTED_INCLUDE_IN_FRAMEWORK_HEADER = YES;
				CLANG_WARN_RANGE_LOOP_ANALYSIS = YES;
				CLANG_WARN_STRICT_PROTOTYPES = YES;
				CLANG_WARN_SUSPICIOUS_MOVE = YES;
				CLANG_WARN_UNGUARDED_AVAILABILITY = YES_AGGRESSIVE;
				CLANG_WARN_UNREACHABLE_CODE = YES;
				CLANG_WARN__DUPLICATE_METHOD_MATCH = YES;
				COPY_PHASE_STRIP = NO;
				DEBUG_INFORMATION_FORMAT = "dwarf-with-dsym";
				ENABLE_NS_ASSERTIONS = NO;
				ENABLE_STRICT_OBJC_MSGSEND = YES;
				GCC_C_LANGUAGE_STANDARD = gnu11;
				GCC_NO_COMMON_BLOCKS = YES;
				GCC_WARN_64_TO_32_BIT_CONVERSION = YES;
				GCC_WARN_ABOUT_RETURN_TYPE = YES_ERROR;
				GCC_WARN_UNDECLARED_SELECTOR = YES;
				GCC_WARN_UNINITIALIZED_AUTOS = YES_AGGRESSIVE;
				GCC_WARN_UNUSED_FUNCTION = YES;
				GCC_WARN_UNUSED_VARIABLE = YES;
				IPHONEOS_DEPLOYMENT_TARGET = 14.5;
				MTL_ENABLE_DEBUG_INFO = NO;
				MTL_FAST_MATH = YES;
				SDKROOT = iphoneos;
				SWIFT_COMPILATION_MODE = wholemodule;
				SWIFT_OPTIMIZATION_LEVEL = "-O";
				VALIDATE_PRODUCT = YES;
			};
			name = Release;
		};
		DA82055226BA1EDD00EA74FD /* Debug */ = {
			isa = XCBuildConfiguration;
			buildSettings = {
				ASSETCATALOG_COMPILER_APPICON_NAME = AppIcon;
				ASSETCATALOG_COMPILER_GLOBAL_ACCENT_COLOR_NAME = AccentColor;
				CODE_SIGN_STYLE = Automatic;
				INFOPLIST_FILE = parsestagram/Info.plist;
				LD_RUNPATH_SEARCH_PATHS = (
					"$(inherited)",
					"@executable_path/Frameworks",
				);
				PRODUCT_BUNDLE_IDENTIFIER = isaacjperez.parsestagram;
				PRODUCT_NAME = "$(TARGET_NAME)";
				SWIFT_VERSION = 5.0;
				TARGETED_DEVICE_FAMILY = "1,2";
			};
			name = Debug;
		};
		DA82055326BA1EDD00EA74FD /* Release */ = {
			isa = XCBuildConfiguration;
			buildSettings = {
				ASSETCATALOG_COMPILER_APPICON_NAME = AppIcon;
				ASSETCATALOG_COMPILER_GLOBAL_ACCENT_COLOR_NAME = AccentColor;
				CODE_SIGN_STYLE = Automatic;
				INFOPLIST_FILE = parsestagram/Info.plist;
				LD_RUNPATH_SEARCH_PATHS = (
					"$(inherited)",
					"@executable_path/Frameworks",
				);
				PRODUCT_BUNDLE_IDENTIFIER = isaacjperez.parsestagram;
				PRODUCT_NAME = "$(TARGET_NAME)";
				SWIFT_VERSION = 5.0;
				TARGETED_DEVICE_FAMILY = "1,2";
			};
			name = Release;
		};
		DA82055526BA1EDD00EA74FD /* Debug */ = {
			isa = XCBuildConfiguration;
			buildSettings = {
				ALWAYS_EMBED_SWIFT_STANDARD_LIBRARIES = YES;
				BUNDLE_LOADER = "$(TEST_HOST)";
				CODE_SIGN_STYLE = Automatic;
				INFOPLIST_FILE = parsestagramTests/Info.plist;
				IPHONEOS_DEPLOYMENT_TARGET = 14.5;
				LD_RUNPATH_SEARCH_PATHS = (
					"$(inherited)",
					"@executable_path/Frameworks",
					"@loader_path/Frameworks",
				);
				PRODUCT_BUNDLE_IDENTIFIER = isaacjperez.parsestagramTests;
				PRODUCT_NAME = "$(TARGET_NAME)";
				SWIFT_VERSION = 5.0;
				TARGETED_DEVICE_FAMILY = "1,2";
				TEST_HOST = "$(BUILT_PRODUCTS_DIR)/parsestagram.app/parsestagram";
			};
			name = Debug;
		};
		DA82055626BA1EDD00EA74FD /* Release */ = {
			isa = XCBuildConfiguration;
			buildSettings = {
				ALWAYS_EMBED_SWIFT_STANDARD_LIBRARIES = YES;
				BUNDLE_LOADER = "$(TEST_HOST)";
				CODE_SIGN_STYLE = Automatic;
				INFOPLIST_FILE = parsestagramTests/Info.plist;
				IPHONEOS_DEPLOYMENT_TARGET = 14.5;
				LD_RUNPATH_SEARCH_PATHS = (
					"$(inherited)",
					"@executable_path/Frameworks",
					"@loader_path/Frameworks",
				);
				PRODUCT_BUNDLE_IDENTIFIER = isaacjperez.parsestagramTests;
				PRODUCT_NAME = "$(TARGET_NAME)";
				SWIFT_VERSION = 5.0;
				TARGETED_DEVICE_FAMILY = "1,2";
				TEST_HOST = "$(BUILT_PRODUCTS_DIR)/parsestagram.app/parsestagram";
			};
			name = Release;
		};
		DA82055826BA1EDD00EA74FD /* Debug */ = {
			isa = XCBuildConfiguration;
			buildSettings = {
				ALWAYS_EMBED_SWIFT_STANDARD_LIBRARIES = YES;
				CODE_SIGN_STYLE = Automatic;
				INFOPLIST_FILE = parsestagramUITests/Info.plist;
				LD_RUNPATH_SEARCH_PATHS = (
					"$(inherited)",
					"@executable_path/Frameworks",
					"@loader_path/Frameworks",
				);
				PRODUCT_BUNDLE_IDENTIFIER = isaacjperez.parsestagramUITests;
				PRODUCT_NAME = "$(TARGET_NAME)";
				SWIFT_VERSION = 5.0;
				TARGETED_DEVICE_FAMILY = "1,2";
				TEST_TARGET_NAME = parsestagram;
			};
			name = Debug;
		};
		DA82055926BA1EDD00EA74FD /* Release */ = {
			isa = XCBuildConfiguration;
			buildSettings = {
				ALWAYS_EMBED_SWIFT_STANDARD_LIBRARIES = YES;
				CODE_SIGN_STYLE = Automatic;
				INFOPLIST_FILE = parsestagramUITests/Info.plist;
				LD_RUNPATH_SEARCH_PATHS = (
					"$(inherited)",
					"@executable_path/Frameworks",
					"@loader_path/Frameworks",
				);
				PRODUCT_BUNDLE_IDENTIFIER = isaacjperez.parsestagramUITests;
				PRODUCT_NAME = "$(TARGET_NAME)";
				SWIFT_VERSION = 5.0;
				TARGETED_DEVICE_FAMILY = "1,2";
				TEST_TARGET_NAME = parsestagram;
			};
			name = Release;
		};
/* End XCBuildConfiguration section */

/* Begin XCConfigurationList section */
		DA82052226BA1EDB00EA74FD /* Build configuration list for PBXProject "parsestagram" */ = {
			isa = XCConfigurationList;
			buildConfigurations = (
				DA82054F26BA1EDD00EA74FD /* Debug */,
				DA82055026BA1EDD00EA74FD /* Release */,
			);
			defaultConfigurationIsVisible = 0;
			defaultConfigurationName = Release;
		};
		DA82055126BA1EDD00EA74FD /* Build configuration list for PBXNativeTarget "parsestagram" */ = {
			isa = XCConfigurationList;
			buildConfigurations = (
				DA82055226BA1EDD00EA74FD /* Debug */,
				DA82055326BA1EDD00EA74FD /* Release */,
			);
			defaultConfigurationIsVisible = 0;
			defaultConfigurationName = Release;
		};
		DA82055426BA1EDD00EA74FD /* Build configuration list for PBXNativeTarget "parsestagramTests" */ = {
			isa = XCConfigurationList;
			buildConfigurations = (
				DA82055526BA1EDD00EA74FD /* Debug */,
				DA82055626BA1EDD00EA74FD /* Release */,
			);
			defaultConfigurationIsVisible = 0;
			defaultConfigurationName = Release;
		};
		DA82055726BA1EDD00EA74FD /* Build configuration list for PBXNativeTarget "parsestagramUITests" */ = {
			isa = XCConfigurationList;
			buildConfigurations = (
				DA82055826BA1EDD00EA74FD /* Debug */,
				DA82055926BA1EDD00EA74FD /* Release */,
			);
			defaultConfigurationIsVisible = 0;
			defaultConfigurationName = Release;
		};
/* End XCConfigurationList section */
	};
	rootObject = DA82051F26BA1EDB00EA74FD /* Project object */;
}
